{
  "name": "final-portfolio",
  "version": "1.0.0",
  "lockfileVersion": 1,
  "requires": true,
  "dependencies": {
    "shuffle-text": {
      "version": "0.3.4",
      "resolved": "https://registry.npmjs.org/shuffle-text/-/shuffle-text-0.3.4.tgz",
      "integrity": "sha512-QShObmvxcYY9RCAFiFC/ln7V+jDkfQnxEQJUudklqpmQsJGeE/xY/4FJWS9JxhlvlJJ8P0a2D+k6L1iV3Lf/Rw=="
    }
  }
}
